
Microsoft Visual Studio Solution File, Format Version 12.00
# Visual Studio Version 17
VisualStudioVersion = 17.0.31919.166
MinimumVisualStudioVersion = 10.0.40219.1
Project("{FAE04EC0-301F-11D3-BF4B-00C04F79EFBC}") = "S3.ConsoleApp", "S3.ConsoleApp\S3.ConsoleApp.csproj", "{7DDE18D1-9045-49A8-84FF-D88A63E68241}"
EndProject
Global
	GlobalSection(SolutionConfigurationPlatforms) = preSolution
		Debug|Any CPU = Debug|Any CPU
		Release|Any CPU = Release|Any CPU
	EndGlobalSection
	GlobalSection(ProjectConfigurationPlatforms) = postSolution
		{7DDE18D1-9045-49A8-84FF-D88A63E68241}.Debug|Any CPU.ActiveCfg = Debug|Any CPU
		{7DDE18D1-9045-49A8-84FF-D88A63E68241}.Debug|Any CPU.Build.0 = Debug|Any CPU
		{7DDE18D1-9045-49A8-84FF-D88A63E68241}.Release|Any CPU.ActiveCfg = Release|Any CPU
		{7DDE18D1-9045-49A8-84FF-D88A63E68241}.Release|Any CPU.Build.0 = Release|Any CPU
	EndGlobalSection
	GlobalSection(SolutionProperties) = preSolution
		HideSolutionNode = FALSE
	EndGlobalSection
	GlobalSection(ExtensibilityGlobals) = postSolution
		SolutionGuid = {4EA3B12C-5A57-4802-BB0B-8CE194563F9A}
	EndGlobalSection
EndGlobal
